// !$*UTF8*$!
{
	archiveVersion = 1;
	classes = {
	};
	objectVersion = 50;
	objects = {

/* Begin PBXBuildFile section */
		1CA694482370363C00F8CBD3 /* Extensions.swift in Sources */ = {isa = PBXBuildFile; fileRef = 1CA694472370363C00F8CBD3 /* Extensions.swift */; };
		1CF93133236EB96600C774C3 /* AppDelegate.swift in Sources */ = {isa = PBXBuildFile; fileRef = 1CF93132236EB96600C774C3 /* AppDelegate.swift */; };
		1CF93137236EB96900C774C3 /* Assets.xcassets in Resources */ = {isa = PBXBuildFile; fileRef = 1CF93136236EB96900C774C3 /* Assets.xcassets */; };
		1CF9313A236EB96900C774C3 /* Main.storyboard in Resources */ = {isa = PBXBuildFile; fileRef = 1CF93138236EB96900C774C3 /* Main.storyboard */; };
		1CF93145236EBED800C774C3 /* NixieImage.swift in Sources */ = {isa = PBXBuildFile; fileRef = 1CF93144236EBED800C774C3 /* NixieImage.swift */; };
		1CF93147236F3AF800C774C3 /* CPU.swift in Sources */ = {isa = PBXBuildFile; fileRef = 1CF93146236F3AF800C774C3 /* CPU.swift */; };
		1CF93149236F3B0500C774C3 /* Disk.swift in Sources */ = {isa = PBXBuildFile; fileRef = 1CF93148236F3B0500C774C3 /* Disk.swift */; };
		1CF9314B236F3B1000C774C3 /* Memory.swift in Sources */ = {isa = PBXBuildFile; fileRef = 1CF9314A236F3B1000C774C3 /* Memory.swift */; };
/* End PBXBuildFile section */

/* Begin PBXFileReference section */
		1CA694472370363C00F8CBD3 /* Extensions.swift */ = {isa = PBXFileReference; lastKnownFileType = sourcecode.swift; path = Extensions.swift; sourceTree = "<group>"; };
		1CF9312F236EB96600C774C3 /* NixieStats.app */ = {isa = PBXFileReference; explicitFileType = wrapper.application; includeInIndex = 0; path = NixieStats.app; sourceTree = BUILT_PRODUCTS_DIR; };
		1CF93132236EB96600C774C3 /* AppDelegate.swift */ = {isa = PBXFileReference; lastKnownFileType = sourcecode.swift; path = AppDelegate.swift; sourceTree = "<group>"; };
		1CF93136236EB96900C774C3 /* Assets.xcassets */ = {isa = PBXFileReference; lastKnownFileType = folder.assetcatalog; path = Assets.xcassets; sourceTree = "<group>"; };
		1CF93139236EB96900C774C3 /* Base */ = {isa = PBXFileReference; lastKnownFileType = file.storyboard; name = Base; path = Base.lproj/Main.storyboard; sourceTree = "<group>"; };
		1CF9313B236EB96900C774C3 /* Info.plist */ = {isa = PBXFileReference; lastKnownFileType = text.plist.xml; path = Info.plist; sourceTree = "<group>"; };
		1CF9313C236EB96900C774C3 /* NixieStats.entitlements */ = {isa = PBXFileReference; lastKnownFileType = text.plist.entitlements; path = NixieStats.entitlements; sourceTree = "<group>"; };
		1CF93144236EBED800C774C3 /* NixieImage.swift */ = {isa = PBXFileReference; lastKnownFileType = sourcecode.swift; path = NixieImage.swift; sourceTree = "<group>"; };
		1CF93146236F3AF800C774C3 /* CPU.swift */ = {isa = PBXFileReference; lastKnownFileType = sourcecode.swift; path = CPU.swift; sourceTree = "<group>"; };
		1CF93148236F3B0500C774C3 /* Disk.swift */ = {isa = PBXFileReference; lastKnownFileType = sourcecode.swift; path = Disk.swift; sourceTree = "<group>"; };
		1CF9314A236F3B1000C774C3 /* Memory.swift */ = {isa = PBXFileReference; lastKnownFileType = sourcecode.swift; path = Memory.swift; sourceTree = "<group>"; };
/* End PBXFileReference section */

/* Begin PBXFrameworksBuildPhase section */
		1CF9312C236EB96600C774C3 /* Frameworks */ = {
			isa = PBXFrameworksBuildPhase;
			buildActionMask = 2147483647;
			files = (
			);
			runOnlyForDeploymentPostprocessing = 0;
		};
/* End PBXFrameworksBuildPhase section */

/* Begin PBXGroup section */
		1CF93126236EB96600C774C3 = {
			isa = PBXGroup;
			children = (
				1CF93131236EB96600C774C3 /* NixieStats */,
				1CF93130236EB96600C774C3 /* Products */,
			);
			sourceTree = "<group>";
		};
		1CF93130236EB96600C774C3 /* Products */ = {
			isa = PBXGroup;
			children = (
				1CF9312F236EB96600C774C3 /* NixieStats.app */,
			);
			name = Products;
			sourceTree = "<group>";
		};
		1CF93131236EB96600C774C3 /* NixieStats */ = {
			isa = PBXGroup;
			children = (
				1CA694472370363C00F8CBD3 /* Extensions.swift */,
				1CF93132236EB96600C774C3 /* AppDelegate.swift */,
				1CF93144236EBED800C774C3 /* NixieImage.swift */,
				1CF93146236F3AF800C774C3 /* CPU.swift */,
				1CF93148236F3B0500C774C3 /* Disk.swift */,
				1CF9314A236F3B1000C774C3 /* Memory.swift */,
				1CF93136236EB96900C774C3 /* Assets.xcassets */,
				1CF93138236EB96900C774C3 /* Main.storyboard */,
				1CF9313B236EB96900C774C3 /* Info.plist */,
				1CF9313C236EB96900C774C3 /* NixieStats.entitlements */,
			);
			path = NixieStats;
			sourceTree = "<group>";
		};
/* End PBXGroup section */

/* Begin PBXNativeTarget section */
		1CF9312E236EB96600C774C3 /* NixieStats */ = {
			isa = PBXNativeTarget;
			buildConfigurationList = 1CF9313F236EB96900C774C3 /* Build configuration list for PBXNativeTarget "NixieStats" */;
			buildPhases = (
				1CF9312B236EB96600C774C3 /* Sources */,
				1CF9312C236EB96600C774C3 /* Frameworks */,
				1CF9312D236EB96600C774C3 /* Resources */,
			);
			buildRules = (
			);
			dependencies = (
			);
			name = NixieStats;
			productName = NixieStats;
			productReference = 1CF9312F236EB96600C774C3 /* NixieStats.app */;
			productType = "com.apple.product-type.application";
		};
/* End PBXNativeTarget section */

/* Begin PBXProject section */
		1CF93127236EB96600C774C3 /* Project object */ = {
			isa = PBXProject;
			attributes = {
				LastSwiftUpdateCheck = 1120;
				LastUpgradeCheck = 1120;
				ORGANIZATIONNAME = "Takuto Nakamura";
				TargetAttributes = {
					1CF9312E236EB96600C774C3 = {
						CreatedOnToolsVersion = 11.2;
					};
				};
			};
			buildConfigurationList = 1CF9312A236EB96600C774C3 /* Build configuration list for PBXProject "NixieStats" */;
			compatibilityVersion = "Xcode 9.3";
			developmentRegion = en;
			hasScannedForEncodings = 0;
			knownRegions = (
				en,
				Base,
			);
			mainGroup = 1CF93126236EB96600C774C3;
			productRefGroup = 1CF93130236EB96600C774C3 /* Products */;
			projectDirPath = "";
			projectRoot = "";
			targets = (
				1CF9312E236EB96600C774C3 /* NixieStats */,
			);
		};
/* End PBXProject section */

/* Begin PBXResourcesBuildPhase section */
		1CF9312D236EB96600C774C3 /* Resources */ = {
			isa = PBXResourcesBuildPhase;
			buildActionMask = 2147483647;
			files = (
				1CF93137236EB96900C774C3 /* Assets.xcassets in Resources */,
				1CF9313A236EB96900C774C3 /* Main.storyboard in Resources */,
			);
			runOnlyForDeploymentPostprocessing = 0;
		};
/* End PBXResourcesBuildPhase section */

/* Begin PBXSourcesBuildPhase section */
		1CF9312B236EB96600C774C3 /* Sources */ = {
			isa = PBXSourcesBuildPhase;
			buildActionMask = 2147483647;
			files = (
				1CF93149236F3B0500C774C3 /* Disk.swift in Sources */,
				1CA694482370363C00F8CBD3 /* Extensions.swift in Sources */,
				1CF93133236EB96600C774C3 /* AppDelegate.swift in Sources */,
				1CF93145236EBED800C774C3 /* NixieImage.swift in Sources */,
				1CF9314B236F3B1000C774C3 /* Memory.swift in Sources */,
				1CF93147236F3AF800C774C3 /* CPU.swift in Sources */,
			);
			runOnlyForDeploymentPostprocessing = 0;
		};
/* End PBXSourcesBuildPhase section */

/* Begin PBXVariantGroup section */
		1CF93138236EB96900C774C3 /* Main.storyboard */ = {
			isa = PBXVariantGroup;
			children = (
				1CF93139236EB96900C774C3 /* Base */,
			);
			name = Main.storyboard;
			sourceTree = "<group>";
		};
/* End PBXVariantGroup section */

/* Begin XCBuildConfiguration section */
		1CF9313D236EB96900C774C3 /* Debug */ = {
			isa = XCBuildConfiguration;
			buildSettings = {
				ALWAYS_SEARCH_USER_PATHS = NO;
				CLANG_ANALYZER_NONNULL = YES;
				CLANG_ANALYZER_NUMBER_OBJECT_CONVERSION = YES_AGGRESSIVE;
				CLANG_CXX_LANGUAGE_STANDARD = "gnu++14";
				CLANG_CXX_LIBRARY = "libc++";
				CLANG_ENABLE_MODULES = YES;
				CLANG_ENABLE_OBJC_ARC = YES;
				CLANG_ENABLE_OBJC_WEAK = YES;
				CLANG_WARN_BLOCK_CAPTURE_AUTORELEASING = YES;
				CLANG_WARN_BOOL_CONVERSION = YES;
				CLANG_WARN_COMMA = YES;
				CLANG_WARN_CONSTANT_CONVERSION = YES;
				CLANG_WARN_DEPRECATED_OBJC_IMPLEMENTATIONS = YES;
				CLANG_WARN_DIRECT_OBJC_ISA_USAGE = YES_ERROR;
				CLANG_WARN_DOCUMENTATION_COMMENTS = YES;
				CLANG_WARN_EMPTY_BODY = YES;
				CLANG_WARN_ENUM_CONVERSION = YES;
				CLANG_WARN_INFINITE_RECURSION = YES;
				CLANG_WARN_INT_CONVERSION = YES;
				CLANG_WARN_NON_LITERAL_NULL_CONVERSION = YES;
				CLANG_WARN_OBJC_IMPLICIT_RETAIN_SELF = YES;
				CLANG_WARN_OBJC_LITERAL_CONVERSION = YES;
				CLANG_WARN_OBJC_ROOT_CLASS = YES_ERROR;
				CLANG_WARN_RANGE_LOOP_ANALYSIS = YES;
				CLANG_WARN_STRICT_PROTOTYPES = YES;
				CLANG_WARN_SUSPICIOUS_MOVE = YES;
				CLANG_WARN_UNGUARDED_AVAILABILITY = YES_AGGRESSIVE;
				CLANG_WARN_UNREACHABLE_CODE = YES;
				CLANG_WARN__DUPLICATE_METHOD_MATCH = YES;
				COPY_PHASE_STRIP = NO;
				DEBUG_INFORMATION_FORMAT = dwarf;
				ENABLE_STRICT_OBJC_MSGSEND = YES;
				ENABLE_TESTABILITY = YES;
				GCC_C_LANGUAGE_STANDARD = gnu11;
				GCC_DYNAMIC_NO_PIC = NO;
				GCC_NO_COMMON_BLOCKS = YES;
				GCC_OPTIMIZATION_LEVEL = 0;
				GCC_PREPROCESSOR_DEFINITIONS = (
					"DEBUG=1",
					"$(inherited)",
				);
				GCC_WARN_64_TO_32_BIT_CONVERSION = YES;
				GCC_WARN_ABOUT_RETURN_TYPE = YES_ERROR;
				GCC_WARN_UNDECLARED_SELECTOR = YES;
				GCC_WARN_UNINITIALIZED_AUTOS = YES_AGGRESSIVE;
				GCC_WARN_UNUSED_FUNCTION = YES;
				GCC_WARN_UNUSED_VARIABLE = YES;
				MACOSX_DEPLOYMENT_TARGET = 10.13;
				MTL_ENABLE_DEBUG_INFO = INCLUDE_SOURCE;
				MTL_FAST_MATH = YES;
				ONLY_ACTIVE_ARCH = YES;
				SDKROOT = macosx;
				SWIFT_ACTIVE_COMPILATION_CONDITIONS = DEBUG;
				SWIFT_OPTIMIZATION_LEVEL = "-Onone";
			};
			name = Debug;
		};
		1CF9313E236EB96900C774C3 /* Release */ = {
			isa = XCBuildConfiguration;
			buildSettings = {
				ALWAYS_SEARCH_USER_PATHS = NO;
				CLANG_ANALYZER_NONNULL = YES;
				CLANG_ANALYZER_NUMBER_OBJECT_CONVERSION = YES_AGGRESSIVE;
				CLANG_CXX_LANGUAGE_STANDARD = "gnu++14";
				CLANG_CXX_LIBRARY = "libc++";
				CLANG_ENABLE_MODULES = YES;
				CLANG_ENABLE_OBJC_ARC = YES;
				CLANG_ENABLE_OBJC_WEAK = YES;
				CLANG_WARN_BLOCK_CAPTURE_AUTORELEASING = YES;
				CLANG_WARN_BOOL_CONVERSION = YES;
				CLANG_WARN_COMMA = YES;
				CLANG_WARN_CONSTANT_CONVERSION = YES;
				CLANG_WARN_DEPRECATED_OBJC_IMPLEMENTATIONS = YES;
				CLANG_WARN_DIRECT_OBJC_ISA_USAGE = YES_ERROR;
				CLANG_WARN_DOCUMENTATION_COMMENTS = YES;
				CLANG_WARN_EMPTY_BODY = YES;
				CLANG_WARN_ENUM_CONVERSION = YES;
				CLANG_WARN_INFINITE_RECURSION = YES;
				CLANG_WARN_INT_CONVERSION = YES;
				CLANG_WARN_NON_LITERAL_NULL_CONVERSION = YES;
				CLANG_WARN_OBJC_IMPLICIT_RETAIN_SELF = YES;
				CLANG_WARN_OBJC_LITERAL_CONVERSION = YES;
				CLANG_WARN_OBJC_ROOT_CLASS = YES_ERROR;
				CLANG_WARN_RANGE_LOOP_ANALYSIS = YES;
				CLANG_WARN_STRICT_PROTOTYPES = YES;
				CLANG_WARN_SUSPICIOUS_MOVE = YES;
				CLANG_WARN_UNGUARDED_AVAILABILITY = YES_AGGRESSIVE;
				CLANG_WARN_UNREACHABLE_CODE = YES;
				CLANG_WARN__DUPLICATE_METHOD_MATCH = YES;
				COPY_PHASE_STRIP = NO;
				DEBUG_INFORMATION_FORMAT = "dwarf-with-dsym";
				ENABLE_NS_ASSERTIONS = NO;
				ENABLE_STRICT_OBJC_MSGSEND = YES;
				GCC_C_LANGUAGE_STANDARD = gnu11;
				GCC_NO_COMMON_BLOCKS = YES;
				GCC_WARN_64_TO_32_BIT_CONVERSION = YES;
				GCC_WARN_ABOUT_RETURN_TYPE = YES_ERROR;
				GCC_WARN_UNDECLARED_SELECTOR = YES;
				GCC_WARN_UNINITIALIZED_AUTOS = YES_AGGRESSIVE;
				GCC_WARN_UNUSED_FUNCTION = YES;
				GCC_WARN_UNUSED_VARIABLE = YES;
				MACOSX_DEPLOYMENT_TARGET = 10.13;
				MTL_ENABLE_DEBUG_INFO = NO;
				MTL_FAST_MATH = YES;
				SDKROOT = macosx;
				SWIFT_COMPILATION_MODE = wholemodule;
				SWIFT_OPTIMIZATION_LEVEL = "-O";
			};
			name = Release;
		};
		1CF93140236EB96900C774C3 /* Debug */ = {
			isa = XCBuildConfiguration;
			buildSettings = {
				ASSETCATALOG_COMPILER_APPICON_NAME = AppIcon;
				CODE_SIGN_ENTITLEMENTS = NixieStats/NixieStats.entitlements;
				CODE_SIGN_STYLE = Automatic;
				COMBINE_HIDPI_IMAGES = YES;
				CURRENT_PROJECT_VERSION = 1.0.0;
				DEVELOPMENT_TEAM = VJ5N2X84K8;
				ENABLE_HARDENED_RUNTIME = YES;
				INFOPLIST_FILE = NixieStats/Info.plist;
				LD_RUNPATH_SEARCH_PATHS = (
					"$(inherited)",
					"@executable_path/../Frameworks",
				);
				PRODUCT_BUNDLE_IDENTIFIER = com.kyome.NixieStats;
				PRODUCT_NAME = "$(TARGET_NAME)";
				SWIFT_VERSION = 5.0;
			};
			name = Debug;
		};
		1CF93141236EB96900C774C3 /* Release */ = {
			isa = XCBuildConfiguration;
			buildSettings = {
				ASSETCATALOG_COMPILER_APPICON_NAME = AppIcon;
				CODE_SIGN_ENTITLEMENTS = NixieStats/NixieStats.entitlements;
				CODE_SIGN_STYLE = Automatic;
				COMBINE_HIDPI_IMAGES = YES;
				CURRENT_PROJECT_VERSION = 1.0.0;
				DEVELOPMENT_TEAM = VJ5N2X84K8;
				ENABLE_HARDENED_RUNTIME = YES;
				INFOPLIST_FILE = NixieStats/Info.plist;
				LD_RUNPATH_SEARCH_PATHS = (
					"$(inherited)",
					"@executable_path/../Frameworks",
				);
				PRODUCT_BUNDLE_IDENTIFIER = com.kyome.NixieStats;
				PRODUCT_NAME = "$(TARGET_NAME)";
				SWIFT_VERSION = 5.0;
			};
			name = Release;
		};
/* End XCBuildConfiguration section */

/* Begin XCConfigurationList section */
		1CF9312A236EB96600C774C3 /* Build configuration list for PBXProject "NixieStats" */ = {
			isa = XCConfigurationList;
			buildConfigurations = (
				1CF9313D236EB96900C774C3 /* Debug */,
				1CF9313E236EB96900C774C3 /* Release */,
			);
			defaultConfigurationIsVisible = 0;
			defaultConfigurationName = Release;
		};
		1CF9313F236EB96900C774C3 /* Build configuration list for PBXNativeTarget "NixieStats" */ = {
			isa = XCConfigurationList;
			buildConfigurations = (
				1CF93140236EB96900C774C3 /* Debug */,
				1CF93141236EB96900C774C3 /* Release */,
			);
			defaultConfigurationIsVisible = 0;
			defaultConfigurationName = Release;
		};
/* End XCConfigurationList section */
	};
	rootObject = 1CF93127236EB96600C774C3 /* Project object */;
}
